// !$*UTF8*$!
{
	archiveVersion = 1;
	classes = {
	};
	objectVersion = 50;
	objects = {

/* Begin PBXBuildFile section */
		E24F214A220F15C400A89DC4 /* AppDelegate.swift in Sources */ = {isa = PBXBuildFile; fileRef = E24F2149220F15C400A89DC4 /* AppDelegate.swift */; };
		E24F214C220F15C400A89DC4 /* ViewController.swift in Sources */ = {isa = PBXBuildFile; fileRef = E24F214B220F15C400A89DC4 /* ViewController.swift */; };
		E24F214F220F15C400A89DC4 /* Main.storyboard in Resources */ = {isa = PBXBuildFile; fileRef = E24F214D220F15C400A89DC4 /* Main.storyboard */; };
		E24F2151220F15C500A89DC4 /* Assets.xcassets in Resources */ = {isa = PBXBuildFile; fileRef = E24F2150220F15C500A89DC4 /* Assets.xcassets */; };
		E24F2154220F15C500A89DC4 /* LaunchScreen.storyboard in Resources */ = {isa = PBXBuildFile; fileRef = E24F2152220F15C500A89DC4 /* LaunchScreen.storyboard */; };
		E24F215F220F15C600A89DC4 /* MelanomaClassifierTests.swift in Sources */ = {isa = PBXBuildFile; fileRef = E24F215E220F15C600A89DC4 /* MelanomaClassifierTests.swift */; };
		E24F216A220F15C600A89DC4 /* MelanomaClassifierUITests.swift in Sources */ = {isa = PBXBuildFile; fileRef = E24F2169220F15C600A89DC4 /* MelanomaClassifierUITests.swift */; };
/* End PBXBuildFile section */

/* Begin PBXContainerItemProxy section */
		E24F215B220F15C600A89DC4 /* PBXContainerItemProxy */ = {
			isa = PBXContainerItemProxy;
			containerPortal = E24F213E220F15C400A89DC4 /* Project object */;
			proxyType = 1;
			remoteGlobalIDString = E24F2145220F15C400A89DC4;
			remoteInfo = MelanomaClassifier;
		};
		E24F2166220F15C600A89DC4 /* PBXContainerItemProxy */ = {
			isa = PBXContainerItemProxy;
			containerPortal = E24F213E220F15C400A89DC4 /* Project object */;
			proxyType = 1;
			remoteGlobalIDString = E24F2145220F15C400A89DC4;
			remoteInfo = MelanomaClassifier;
		};
/* End PBXContainerItemProxy section */

/* Begin PBXFileReference section */
		E24F2146220F15C400A89DC4 /* MelanomaClassifier.app */ = {isa = PBXFileReference; explicitFileType = wrapper.application; includeInIndex = 0; path = MelanomaClassifier.app; sourceTree = BUILT_PRODUCTS_DIR; };
		E24F2149220F15C400A89DC4 /* AppDelegate.swift */ = {isa = PBXFileReference; lastKnownFileType = sourcecode.swift; path = AppDelegate.swift; sourceTree = "<group>"; };
		E24F214B220F15C400A89DC4 /* ViewController.swift */ = {isa = PBXFileReference; lastKnownFileType = sourcecode.swift; path = ViewController.swift; sourceTree = "<group>"; xcLanguageSpecificationIdentifier = xcode.lang.swift; };
		E24F214E220F15C400A89DC4 /* Base */ = {isa = PBXFileReference; lastKnownFileType = file.storyboard; name = Base; path = Base.lproj/Main.storyboard; sourceTree = "<group>"; };
		E24F2150220F15C500A89DC4 /* Assets.xcassets */ = {isa = PBXFileReference; lastKnownFileType = folder.assetcatalog; path = Assets.xcassets; sourceTree = "<group>"; };
		E24F2153220F15C500A89DC4 /* Base */ = {isa = PBXFileReference; lastKnownFileType = file.storyboard; name = Base; path = Base.lproj/LaunchScreen.storyboard; sourceTree = "<group>"; };
		E24F2155220F15C500A89DC4 /* Info.plist */ = {isa = PBXFileReference; lastKnownFileType = text.plist.xml; path = Info.plist; sourceTree = "<group>"; };
		E24F215A220F15C600A89DC4 /* MelanomaClassifierTests.xctest */ = {isa = PBXFileReference; explicitFileType = wrapper.cfbundle; includeInIndex = 0; path = MelanomaClassifierTests.xctest; sourceTree = BUILT_PRODUCTS_DIR; };
		E24F215E220F15C600A89DC4 /* MelanomaClassifierTests.swift */ = {isa = PBXFileReference; lastKnownFileType = sourcecode.swift; path = MelanomaClassifierTests.swift; sourceTree = "<group>"; };
		E24F2160220F15C600A89DC4 /* Info.plist */ = {isa = PBXFileReference; lastKnownFileType = text.plist.xml; path = Info.plist; sourceTree = "<group>"; };
		E24F2165220F15C600A89DC4 /* MelanomaClassifierUITests.xctest */ = {isa = PBXFileReference; explicitFileType = wrapper.cfbundle; includeInIndex = 0; path = MelanomaClassifierUITests.xctest; sourceTree = BUILT_PRODUCTS_DIR; };
		E24F2169220F15C600A89DC4 /* MelanomaClassifierUITests.swift */ = {isa = PBXFileReference; lastKnownFileType = sourcecode.swift; path = MelanomaClassifierUITests.swift; sourceTree = "<group>"; };
		E24F216B220F15C600A89DC4 /* Info.plist */ = {isa = PBXFileReference; lastKnownFileType = text.plist.xml; path = Info.plist; sourceTree = "<group>"; };
/* End PBXFileReference section */

/* Begin PBXFrameworksBuildPhase section */
		E24F2143220F15C400A89DC4 /* Frameworks */ = {
			isa = PBXFrameworksBuildPhase;
			buildActionMask = 2147483647;
			files = (
			);
			runOnlyForDeploymentPostprocessing = 0;
		};
		E24F2157220F15C600A89DC4 /* Frameworks */ = {
			isa = PBXFrameworksBuildPhase;
			buildActionMask = 2147483647;
			files = (
			);
			runOnlyForDeploymentPostprocessing = 0;
		};
		E24F2162220F15C600A89DC4 /* Frameworks */ = {
			isa = PBXFrameworksBuildPhase;
			buildActionMask = 2147483647;
			files = (
			);
			runOnlyForDeploymentPostprocessing = 0;
		};
/* End PBXFrameworksBuildPhase section */

/* Begin PBXGroup section */
		E24F213D220F15C400A89DC4 = {
			isa = PBXGroup;
			children = (
				E24F2148220F15C400A89DC4 /* MelanomaClassifier */,
				E24F215D220F15C600A89DC4 /* MelanomaClassifierTests */,
				E24F2168220F15C600A89DC4 /* MelanomaClassifierUITests */,
				E24F2147220F15C400A89DC4 /* Products */,
			);
			sourceTree = "<group>";
		};
		E24F2147220F15C400A89DC4 /* Products */ = {
			isa = PBXGroup;
			children = (
				E24F2146220F15C400A89DC4 /* MelanomaClassifier.app */,
				E24F215A220F15C600A89DC4 /* MelanomaClassifierTests.xctest */,
				E24F2165220F15C600A89DC4 /* MelanomaClassifierUITests.xctest */,
			);
			name = Products;
			sourceTree = "<group>";
		};
		E24F2148220F15C400A89DC4 /* MelanomaClassifier */ = {
			isa = PBXGroup;
			children = (
				E24F2149220F15C400A89DC4 /* AppDelegate.swift */,
				E24F214B220F15C400A89DC4 /* ViewController.swift */,
				E24F214D220F15C400A89DC4 /* Main.storyboard */,
				E24F2150220F15C500A89DC4 /* Assets.xcassets */,
				E24F2152220F15C500A89DC4 /* LaunchScreen.storyboard */,
				E24F2155220F15C500A89DC4 /* Info.plist */,
			);
			path = MelanomaClassifier;
			sourceTree = "<group>";
		};
		E24F215D220F15C600A89DC4 /* MelanomaClassifierTests */ = {
			isa = PBXGroup;
			children = (
				E24F215E220F15C600A89DC4 /* MelanomaClassifierTests.swift */,
				E24F2160220F15C600A89DC4 /* Info.plist */,
			);
			path = MelanomaClassifierTests;
			sourceTree = "<group>";
		};
		E24F2168220F15C600A89DC4 /* MelanomaClassifierUITests */ = {
			isa = PBXGroup;
			children = (
				E24F2169220F15C600A89DC4 /* MelanomaClassifierUITests.swift */,
				E24F216B220F15C600A89DC4 /* Info.plist */,
			);
			path = MelanomaClassifierUITests;
			sourceTree = "<group>";
		};
/* End PBXGroup section */

/* Begin PBXNativeTarget section */
		E24F2145220F15C400A89DC4 /* MelanomaClassifier */ = {
			isa = PBXNativeTarget;
			buildConfigurationList = E24F216E220F15C600A89DC4 /* Build configuration list for PBXNativeTarget "MelanomaClassifier" */;
			buildPhases = (
				E24F2142220F15C400A89DC4 /* Sources */,
				E24F2143220F15C400A89DC4 /* Frameworks */,
				E24F2144220F15C400A89DC4 /* Resources */,
			);
			buildRules = (
			);
			dependencies = (
			);
			name = MelanomaClassifier;
			productName = MelanomaClassifier;
			productReference = E24F2146220F15C400A89DC4 /* MelanomaClassifier.app */;
			productType = "com.apple.product-type.application";
		};
		E24F2159220F15C600A89DC4 /* MelanomaClassifierTests */ = {
			isa = PBXNativeTarget;
			buildConfigurationList = E24F2171220F15C600A89DC4 /* Build configuration list for PBXNativeTarget "MelanomaClassifierTests" */;
			buildPhases = (
				E24F2156220F15C600A89DC4 /* Sources */,
				E24F2157220F15C600A89DC4 /* Frameworks */,
				E24F2158220F15C600A89DC4 /* Resources */,
			);
			buildRules = (
			);
			dependencies = (
				E24F215C220F15C600A89DC4 /* PBXTargetDependency */,
			);
			name = MelanomaClassifierTests;
			productName = MelanomaClassifierTests;
			productReference = E24F215A220F15C600A89DC4 /* MelanomaClassifierTests.xctest */;
			productType = "com.apple.product-type.bundle.unit-test";
		};
		E24F2164220F15C600A89DC4 /* MelanomaClassifierUITests */ = {
			isa = PBXNativeTarget;
			buildConfigurationList = E24F2174220F15C600A89DC4 /* Build configuration list for PBXNativeTarget "MelanomaClassifierUITests" */;
			buildPhases = (
				E24F2161220F15C600A89DC4 /* Sources */,
				E24F2162220F15C600A89DC4 /* Frameworks */,
				E24F2163220F15C600A89DC4 /* Resources */,
			);
			buildRules = (
			);
			dependencies = (
				E24F2167220F15C600A89DC4 /* PBXTargetDependency */,
			);
			name = MelanomaClassifierUITests;
			productName = MelanomaClassifierUITests;
			productReference = E24F2165220F15C600A89DC4 /* MelanomaClassifierUITests.xctest */;
			productType = "com.apple.product-type.bundle.ui-testing";
		};
/* End PBXNativeTarget section */

/* Begin PBXProject section */
		E24F213E220F15C400A89DC4 /* Project object */ = {
			isa = PBXProject;
			attributes = {
				LastSwiftUpdateCheck = 0940;
				LastUpgradeCheck = 0940;
				ORGANIZATIONNAME = yiuj;
				TargetAttributes = {
					E24F2145220F15C400A89DC4 = {
						CreatedOnToolsVersion = 9.4.1;
					};
					E24F2159220F15C600A89DC4 = {
						CreatedOnToolsVersion = 9.4.1;
						TestTargetID = E24F2145220F15C400A89DC4;
					};
					E24F2164220F15C600A89DC4 = {
						CreatedOnToolsVersion = 9.4.1;
						TestTargetID = E24F2145220F15C400A89DC4;
					};
				};
			};
			buildConfigurationList = E24F2141220F15C400A89DC4 /* Build configuration list for PBXProject "MelanomaClassifier" */;
			compatibilityVersion = "Xcode 9.3";
			developmentRegion = en;
			hasScannedForEncodings = 0;
			knownRegions = (
				en,
				Base,
			);
			mainGroup = E24F213D220F15C400A89DC4;
			productRefGroup = E24F2147220F15C400A89DC4 /* Products */;
			projectDirPath = "";
			projectRoot = "";
			targets = (
				E24F2145220F15C400A89DC4 /* MelanomaClassifier */,
				E24F2159220F15C600A89DC4 /* MelanomaClassifierTests */,
				E24F2164220F15C600A89DC4 /* MelanomaClassifierUITests */,
			);
		};
/* End PBXProject section */

/* Begin PBXResourcesBuildPhase section */
		E24F2144220F15C400A89DC4 /* Resources */ = {
			isa = PBXResourcesBuildPhase;
			buildActionMask = 2147483647;
			files = (
				E24F2154220F15C500A89DC4 /* LaunchScreen.storyboard in Resources */,
				E24F2151220F15C500A89DC4 /* Assets.xcassets in Resources */,
				E24F214F220F15C400A89DC4 /* Main.storyboard in Resources */,
			);
			runOnlyForDeploymentPostprocessing = 0;
		};
		E24F2158220F15C600A89DC4 /* Resources */ = {
			isa = PBXResourcesBuildPhase;
			buildActionMask = 2147483647;
			files = (
			);
			runOnlyForDeploymentPostprocessing = 0;
		};
		E24F2163220F15C600A89DC4 /* Resources */ = {
			isa = PBXResourcesBuildPhase;
			buildActionMask = 2147483647;
			files = (
			);
			runOnlyForDeploymentPostprocessing = 0;
		};
/* End PBXResourcesBuildPhase section */

/* Begin PBXSourcesBuildPhase section */
		E24F2142220F15C400A89DC4 /* Sources */ = {
			isa = PBXSourcesBuildPhase;
			buildActionMask = 2147483647;
			files = (
				E24F214C220F15C400A89DC4 /* ViewController.swift in Sources */,
				E24F214A220F15C400A89DC4 /* AppDelegate.swift in Sources */,
			);
			runOnlyForDeploymentPostprocessing = 0;
		};
		E24F2156220F15C600A89DC4 /* Sources */ = {
			isa = PBXSourcesBuildPhase;
			buildActionMask = 2147483647;
			files = (
				E24F215F220F15C600A89DC4 /* MelanomaClassifierTests.swift in Sources */,
			);
			runOnlyForDeploymentPostprocessing = 0;
		};
		E24F2161220F15C600A89DC4 /* Sources */ = {
			isa = PBXSourcesBuildPhase;
			buildActionMask = 2147483647;
			files = (
				E24F216A220F15C600A89DC4 /* MelanomaClassifierUITests.swift in Sources */,
			);
			runOnlyForDeploymentPostprocessing = 0;
		};
/* End PBXSourcesBuildPhase section */

/* Begin PBXTargetDependency section */
		E24F215C220F15C600A89DC4 /* PBXTargetDependency */ = {
			isa = PBXTargetDependency;
			target = E24F2145220F15C400A89DC4 /* MelanomaClassifier */;
			targetProxy = E24F215B220F15C600A89DC4 /* PBXContainerItemProxy */;
		};
		E24F2167220F15C600A89DC4 /* PBXTargetDependency */ = {
			isa = PBXTargetDependency;
			target = E24F2145220F15C400A89DC4 /* MelanomaClassifier */;
			targetProxy = E24F2166220F15C600A89DC4 /* PBXContainerItemProxy */;
		};
/* End PBXTargetDependency section */

/* Begin PBXVariantGroup section */
		E24F214D220F15C400A89DC4 /* Main.storyboard */ = {
			isa = PBXVariantGroup;
			children = (
				E24F214E220F15C400A89DC4 /* Base */,
			);
			name = Main.storyboard;
			sourceTree = "<group>";
		};
		E24F2152220F15C500A89DC4 /* LaunchScreen.storyboard */ = {
			isa = PBXVariantGroup;
			children = (
				E24F2153220F15C500A89DC4 /* Base */,
			);
			name = LaunchScreen.storyboard;
			sourceTree = "<group>";
		};
/* End PBXVariantGroup section */

/* Begin XCBuildConfiguration section */
		E24F216C220F15C600A89DC4 /* Debug */ = {
			isa = XCBuildConfiguration;
			buildSettings = {
				ALWAYS_SEARCH_USER_PATHS = NO;
				CLANG_ANALYZER_NONNULL = YES;
				CLANG_ANALYZER_NUMBER_OBJECT_CONVERSION = YES_AGGRESSIVE;
				CLANG_CXX_LANGUAGE_STANDARD = "gnu++14";
				CLANG_CXX_LIBRARY = "libc++";
				CLANG_ENABLE_MODULES = YES;
				CLANG_ENABLE_OBJC_ARC = YES;
				CLANG_ENABLE_OBJC_WEAK = YES;
				CLANG_WARN_BLOCK_CAPTURE_AUTORELEASING = YES;
				CLANG_WARN_BOOL_CONVERSION = YES;
				CLANG_WARN_COMMA = YES;
				CLANG_WARN_CONSTANT_CONVERSION = YES;
				CLANG_WARN_DEPRECATED_OBJC_IMPLEMENTATIONS = YES;
				CLANG_WARN_DIRECT_OBJC_ISA_USAGE = YES_ERROR;
				CLANG_WARN_DOCUMENTATION_COMMENTS = YES;
				CLANG_WARN_EMPTY_BODY = YES;
				CLANG_WARN_ENUM_CONVERSION = YES;
				CLANG_WARN_INFINITE_RECURSION = YES;
				CLANG_WARN_INT_CONVERSION = YES;
				CLANG_WARN_NON_LITERAL_NULL_CONVERSION = YES;
				CLANG_WARN_OBJC_IMPLICIT_RETAIN_SELF = YES;
				CLANG_WARN_OBJC_LITERAL_CONVERSION = YES;
				CLANG_WARN_OBJC_ROOT_CLASS = YES_ERROR;
				CLANG_WARN_RANGE_LOOP_ANALYSIS = YES;
				CLANG_WARN_STRICT_PROTOTYPES = YES;
				CLANG_WARN_SUSPICIOUS_MOVE = YES;
				CLANG_WARN_UNGUARDED_AVAILABILITY = YES_AGGRESSIVE;
				CLANG_WARN_UNREACHABLE_CODE = YES;
				CLANG_WARN__DUPLICATE_METHOD_MATCH = YES;
				CODE_SIGN_IDENTITY = "iPhone Developer";
				COPY_PHASE_STRIP = NO;
				DEBUG_INFORMATION_FORMAT = dwarf;
				ENABLE_STRICT_OBJC_MSGSEND = YES;
				ENABLE_TESTABILITY = YES;
				GCC_C_LANGUAGE_STANDARD = gnu11;
				GCC_DYNAMIC_NO_PIC = NO;
				GCC_NO_COMMON_BLOCKS = YES;
				GCC_OPTIMIZATION_LEVEL = 0;
				GCC_PREPROCESSOR_DEFINITIONS = (
					"DEBUG=1",
					"$(inherited)",
				);
				GCC_WARN_64_TO_32_BIT_CONVERSION = YES;
				GCC_WARN_ABOUT_RETURN_TYPE = YES_ERROR;
				GCC_WARN_UNDECLARED_SELECTOR = YES;
				GCC_WARN_UNINITIALIZED_AUTOS = YES_AGGRESSIVE;
				GCC_WARN_UNUSED_FUNCTION = YES;
				GCC_WARN_UNUSED_VARIABLE = YES;
				IPHONEOS_DEPLOYMENT_TARGET = 11.4;
				MTL_ENABLE_DEBUG_INFO = YES;
				ONLY_ACTIVE_ARCH = YES;
				SDKROOT = iphoneos;
				SWIFT_ACTIVE_COMPILATION_CONDITIONS = DEBUG;
				SWIFT_OPTIMIZATION_LEVEL = "-Onone";
			};
			name = Debug;
		};
		E24F216D220F15C600A89DC4 /* Release */ = {
			isa = XCBuildConfiguration;
			buildSettings = {
				ALWAYS_SEARCH_USER_PATHS = NO;
				CLANG_ANALYZER_NONNULL = YES;
				CLANG_ANALYZER_NUMBER_OBJECT_CONVERSION = YES_AGGRESSIVE;
				CLANG_CXX_LANGUAGE_STANDARD = "gnu++14";
				CLANG_CXX_LIBRARY = "libc++";
				CLANG_ENABLE_MODULES = YES;
				CLANG_ENABLE_OBJC_ARC = YES;
				CLANG_ENABLE_OBJC_WEAK = YES;
				CLANG_WARN_BLOCK_CAPTURE_AUTORELEASING = YES;
				CLANG_WARN_BOOL_CONVERSION = YES;
				CLANG_WARN_COMMA = YES;
				CLANG_WARN_CONSTANT_CONVERSION = YES;
				CLANG_WARN_DEPRECATED_OBJC_IMPLEMENTATIONS = YES;
				CLANG_WARN_DIRECT_OBJC_ISA_USAGE = YES_ERROR;
				CLANG_WARN_DOCUMENTATION_COMMENTS = YES;
				CLANG_WARN_EMPTY_BODY = YES;
				CLANG_WARN_ENUM_CONVERSION = YES;
				CLANG_WARN_INFINITE_RECURSION = YES;
				CLANG_WARN_INT_CONVERSION = YES;
				CLANG_WARN_NON_LITERAL_NULL_CONVERSION = YES;
				CLANG_WARN_OBJC_IMPLICIT_RETAIN_SELF = YES;
				CLANG_WARN_OBJC_LITERAL_CONVERSION = YES;
				CLANG_WARN_OBJC_ROOT_CLASS = YES_ERROR;
				CLANG_WARN_RANGE_LOOP_ANALYSIS = YES;
				CLANG_WARN_STRICT_PROTOTYPES = YES;
				CLANG_WARN_SUSPICIOUS_MOVE = YES;
				CLANG_WARN_UNGUARDED_AVAILABILITY = YES_AGGRESSIVE;
				CLANG_WARN_UNREACHABLE_CODE = YES;
				CLANG_WARN__DUPLICATE_METHOD_MATCH = YES;
				CODE_SIGN_IDENTITY = "iPhone Developer";
				COPY_PHASE_STRIP = NO;
				DEBUG_INFORMATION_FORMAT = "dwarf-with-dsym";
				ENABLE_NS_ASSERTIONS = NO;
				ENABLE_STRICT_OBJC_MSGSEND = YES;
				GCC_C_LANGUAGE_STANDARD = gnu11;
				GCC_NO_COMMON_BLOCKS = YES;
				GCC_WARN_64_TO_32_BIT_CONVERSION = YES;
				GCC_WARN_ABOUT_RETURN_TYPE = YES_ERROR;
				GCC_WARN_UNDECLARED_SELECTOR = YES;
				GCC_WARN_UNINITIALIZED_AUTOS = YES_AGGRESSIVE;
				GCC_WARN_UNUSED_FUNCTION = YES;
				GCC_WARN_UNUSED_VARIABLE = YES;
				IPHONEOS_DEPLOYMENT_TARGET = 11.4;
				MTL_ENABLE_DEBUG_INFO = NO;
				SDKROOT = iphoneos;
				SWIFT_COMPILATION_MODE = wholemodule;
				SWIFT_OPTIMIZATION_LEVEL = "-O";
				VALIDATE_PRODUCT = YES;
			};
			name = Release;
		};
		E24F216F220F15C600A89DC4 /* Debug */ = {
			isa = XCBuildConfiguration;
			buildSettings = {
				ASSETCATALOG_COMPILER_APPICON_NAME = AppIcon;
				CODE_SIGN_IDENTITY = "iPhone Developer";
				CODE_SIGN_STYLE = Automatic;
				DEVELOPMENT_TEAM = J7J829K5CQ;
				INFOPLIST_FILE = MelanomaClassifier/Info.plist;
				LD_RUNPATH_SEARCH_PATHS = (
					"$(inherited)",
					"@executable_path/Frameworks",
				);
				PRODUCT_BUNDLE_IDENTIFIER = com.yiuj.MelanomaClassifier;
				PRODUCT_NAME = "$(TARGET_NAME)";
				PROVISIONING_PROFILE_SPECIFIER = "";
				SWIFT_VERSION = 4.0;
				TARGETED_DEVICE_FAMILY = "1,2";
			};
			name = Debug;
		};
		E24F2170220F15C600A89DC4 /* Release */ = {
			isa = XCBuildConfiguration;
			buildSettings = {
				ASSETCATALOG_COMPILER_APPICON_NAME = AppIcon;
				CODE_SIGN_IDENTITY = "iPhone Developer";
				CODE_SIGN_STYLE = Automatic;
				DEVELOPMENT_TEAM = J7J829K5CQ;
				INFOPLIST_FILE = MelanomaClassifier/Info.plist;
				LD_RUNPATH_SEARCH_PATHS = (
					"$(inherited)",
					"@executable_path/Frameworks",
				);
				PRODUCT_BUNDLE_IDENTIFIER = com.yiuj.MelanomaClassifier;
				PRODUCT_NAME = "$(TARGET_NAME)";
				PROVISIONING_PROFILE_SPECIFIER = "";
				SWIFT_VERSION = 4.0;
				TARGETED_DEVICE_FAMILY = "1,2";
			};
			name = Release;
		};
		E24F2172220F15C600A89DC4 /* Debug */ = {
			isa = XCBuildConfiguration;
			buildSettings = {
				ALWAYS_EMBED_SWIFT_STANDARD_LIBRARIES = YES;
				BUNDLE_LOADER = "$(TEST_HOST)";
				CODE_SIGN_STYLE = Automatic;
				INFOPLIST_FILE = MelanomaClassifierTests/Info.plist;
				LD_RUNPATH_SEARCH_PATHS = (
					"$(inherited)",
					"@executable_path/Frameworks",
					"@loader_path/Frameworks",
				);
				PRODUCT_BUNDLE_IDENTIFIER = com.yiuj.MelanomaClassifierTests;
				PRODUCT_NAME = "$(TARGET_NAME)";
				SWIFT_VERSION = 4.0;
				TARGETED_DEVICE_FAMILY = "1,2";
				TEST_HOST = "$(BUILT_PRODUCTS_DIR)/MelanomaClassifier.app/MelanomaClassifier";
			};
			name = Debug;
		};
		E24F2173220F15C600A89DC4 /* Release */ = {
			isa = XCBuildConfiguration;
			buildSettings = {
				ALWAYS_EMBED_SWIFT_STANDARD_LIBRARIES = YES;
				BUNDLE_LOADER = "$(TEST_HOST)";
				CODE_SIGN_STYLE = Automatic;
				INFOPLIST_FILE = MelanomaClassifierTests/Info.plist;
				LD_RUNPATH_SEARCH_PATHS = (
					"$(inherited)",
					"@executable_path/Frameworks",
					"@loader_path/Frameworks",
				);
				PRODUCT_BUNDLE_IDENTIFIER = com.yiuj.MelanomaClassifierTests;
				PRODUCT_NAME = "$(TARGET_NAME)";
				SWIFT_VERSION = 4.0;
				TARGETED_DEVICE_FAMILY = "1,2";
				TEST_HOST = "$(BUILT_PRODUCTS_DIR)/MelanomaClassifier.app/MelanomaClassifier";
			};
			name = Release;
		};
		E24F2175220F15C600A89DC4 /* Debug */ = {
			isa = XCBuildConfiguration;
			buildSettings = {
				ALWAYS_EMBED_SWIFT_STANDARD_LIBRARIES = YES;
				CODE_SIGN_STYLE = Automatic;
				INFOPLIST_FILE = MelanomaClassifierUITests/Info.plist;
				LD_RUNPATH_SEARCH_PATHS = (
					"$(inherited)",
					"@executable_path/Frameworks",
					"@loader_path/Frameworks",
				);
				PRODUCT_BUNDLE_IDENTIFIER = com.yiuj.MelanomaClassifierUITests;
				PRODUCT_NAME = "$(TARGET_NAME)";
				SWIFT_VERSION = 4.0;
				TARGETED_DEVICE_FAMILY = "1,2";
				TEST_TARGET_NAME = MelanomaClassifier;
			};
			name = Debug;
		};
		E24F2176220F15C600A89DC4 /* Release */ = {
			isa = XCBuildConfiguration;
			buildSettings = {
				ALWAYS_EMBED_SWIFT_STANDARD_LIBRARIES = YES;
				CODE_SIGN_STYLE = Automatic;
				INFOPLIST_FILE = MelanomaClassifierUITests/Info.plist;
				LD_RUNPATH_SEARCH_PATHS = (
					"$(inherited)",
					"@executable_path/Frameworks",
					"@loader_path/Frameworks",
				);
				PRODUCT_BUNDLE_IDENTIFIER = com.yiuj.MelanomaClassifierUITests;
				PRODUCT_NAME = "$(TARGET_NAME)";
				SWIFT_VERSION = 4.0;
				TARGETED_DEVICE_FAMILY = "1,2";
				TEST_TARGET_NAME = MelanomaClassifier;
			};
			name = Release;
		};
/* End XCBuildConfiguration section */

/* Begin XCConfigurationList section */
		E24F2141220F15C400A89DC4 /* Build configuration list for PBXProject "MelanomaClassifier" */ = {
			isa = XCConfigurationList;
			buildConfigurations = (
				E24F216C220F15C600A89DC4 /* Debug */,
				E24F216D220F15C600A89DC4 /* Release */,
			);
			defaultConfigurationIsVisible = 0;
			defaultConfigurationName = Release;
		};
		E24F216E220F15C600A89DC4 /* Build configuration list for PBXNativeTarget "MelanomaClassifier" */ = {
			isa = XCConfigurationList;
			buildConfigurations = (
				E24F216F220F15C600A89DC4 /* Debug */,
				E24F2170220F15C600A89DC4 /* Release */,
			);
			defaultConfigurationIsVisible = 0;
			defaultConfigurationName = Release;
		};
		E24F2171220F15C600A89DC4 /* Build configuration list for PBXNativeTarget "MelanomaClassifierTests" */ = {
			isa = XCConfigurationList;
			buildConfigurations = (
				E24F2172220F15C600A89DC4 /* Debug */,
				E24F2173220F15C600A89DC4 /* Release */,
			);
			defaultConfigurationIsVisible = 0;
			defaultConfigurationName = Release;
		};
		E24F2174220F15C600A89DC4 /* Build configuration list for PBXNativeTarget "MelanomaClassifierUITests" */ = {
			isa = XCConfigurationList;
			buildConfigurations = (
				E24F2175220F15C600A89DC4 /* Debug */,
				E24F2176220F15C600A89DC4 /* Release */,
			);
			defaultConfigurationIsVisible = 0;
			defaultConfigurationName = Release;
		};
/* End XCConfigurationList section */
	};
	rootObject = E24F213E220F15C400A89DC4 /* Project object */;
}
